
Microsoft Visual Studio Solution File, Format Version 12.00
# Visual Studio Version 17
VisualStudioVersion = 17.1.32421.90
MinimumVisualStudioVersion = 10.0.40219.1
Project("{FAE04EC0-301F-11D3-BF4B-00C04F79EFBC}") = "Basketball Workshop", "Basketball Workshop\Basketball Workshop.csproj", "{909729F1-B07A-4215-B62A-2351F53F3F67}"
EndProject
Global
	GlobalSection(SolutionConfigurationPlatforms) = preSolution
		Debug|Any CPU = Debug|Any CPU
		Release|Any CPU = Release|Any CPU
	EndGlobalSection
	GlobalSection(ProjectConfigurationPlatforms) = postSolution
		{909729F1-B07A-4215-B62A-2351F53F3F67}.Debug|Any CPU.ActiveCfg = Debug|Any CPU
		{909729F1-B07A-4215-B62A-2351F53F3F67}.Debug|Any CPU.Build.0 = Debug|Any CPU
		{909729F1-B07A-4215-B62A-2351F53F3F67}.Release|Any CPU.ActiveCfg = Release|Any CPU
		{909729F1-B07A-4215-B62A-2351F53F3F67}.Release|Any CPU.Build.0 = Release|Any CPU
	EndGlobalSection
	GlobalSection(SolutionProperties) = preSolution
		HideSolutionNode = FALSE
	EndGlobalSection
	GlobalSection(ExtensibilityGlobals) = postSolution
		SolutionGuid = {1DEDC74D-8034-43AD-9B42-3A754F771958}
	EndGlobalSection
EndGlobal
